// !$*UTF8*$!
{
	archiveVersion = 1;
	classes = {
	};
	objectVersion = 50;
	objects = {

/* Begin PBXBuildFile section */
		BD1815F926D3BF1E00E8322B /* MyNavigationView.swift in Sources */ = {isa = PBXBuildFile; fileRef = BD1815F826D3BF1E00E8322B /* MyNavigationView.swift */; };
		BD1815FB26D4091B00E8322B /* MyProfile.swift in Sources */ = {isa = PBXBuildFile; fileRef = BD1815FA26D4091B00E8322B /* MyProfile.swift */; };
		BD1815FD26D40F6D00E8322B /* CircleImageView.swift in Sources */ = {isa = PBXBuildFile; fileRef = BD1815FC26D40F6D00E8322B /* CircleImageView.swift */; };
		BD1815FF26D40FEB00E8322B /* MyWebView.swift in Sources */ = {isa = PBXBuildFile; fileRef = BD1815FE26D40FEB00E8322B /* MyWebView.swift */; };
		BD3C9D8D26B04021005BB6BF /* Stack_applyApp.swift in Sources */ = {isa = PBXBuildFile; fileRef = BD3C9D8C26B04021005BB6BF /* Stack_applyApp.swift */; };
		BD3C9D8F26B04021005BB6BF /* ContentView.swift in Sources */ = {isa = PBXBuildFile; fileRef = BD3C9D8E26B04021005BB6BF /* ContentView.swift */; };
		BD3C9D9126B04022005BB6BF /* Assets.xcassets in Resources */ = {isa = PBXBuildFile; fileRef = BD3C9D9026B04022005BB6BF /* Assets.xcassets */; };
		BD3C9D9426B04022005BB6BF /* Preview Assets.xcassets in Resources */ = {isa = PBXBuildFile; fileRef = BD3C9D9326B04022005BB6BF /* Preview Assets.xcassets */; };
		BD3C9D9C26B0408D005BB6BF /* MyCard.swift in Sources */ = {isa = PBXBuildFile; fileRef = BD3C9D9B26B0408D005BB6BF /* MyCard.swift */; };
		BD4FCF0926D2DE47003B7493 /* MyList.swift in Sources */ = {isa = PBXBuildFile; fileRef = BD4FCF0826D2DE47003B7493 /* MyList.swift */; };
		BD7BB96026DE5A7600F68510 /* MyTabView.swift in Sources */ = {isa = PBXBuildFile; fileRef = BD7BB95F26DE5A7600F68510 /* MyTabView.swift */; };
		BD7BB96226DE5E4100F68510 /* MyView.swift in Sources */ = {isa = PBXBuildFile; fileRef = BD7BB96126DE5E4100F68510 /* MyView.swift */; };
		BD8B88CC26DD2920004E0EA9 /* MyGeometryReaderStack.swift in Sources */ = {isa = PBXBuildFile; fileRef = BD8B88CB26DD2920004E0EA9 /* MyGeometryReaderStack.swift */; };
		BD940F7C26B254C6006175F7 /* MyBasic.swift in Sources */ = {isa = PBXBuildFile; fileRef = BD940F7B26B254C6006175F7 /* MyBasic.swift */; };
		BD940F7E26B25D49006175F7 /* MyProject.swift in Sources */ = {isa = PBXBuildFile; fileRef = BD940F7D26B25D49006175F7 /* MyProject.swift */; };
		BDA8D5FA26D5894A007CE569 /* MyGeometryReader.swift in Sources */ = {isa = PBXBuildFile; fileRef = BDA8D5F926D5894A007CE569 /* MyGeometryReader.swift */; };
		BDD8DBDE26D4116800F9536D /* MySetting.swift in Sources */ = {isa = PBXBuildFile; fileRef = BDD8DBDD26D4116800F9536D /* MySetting.swift */; };
/* End PBXBuildFile section */

/* Begin PBXFileReference section */
		BD1815F826D3BF1E00E8322B /* MyNavigationView.swift */ = {isa = PBXFileReference; lastKnownFileType = sourcecode.swift; path = MyNavigationView.swift; sourceTree = "<group>"; };
		BD1815FA26D4091B00E8322B /* MyProfile.swift */ = {isa = PBXFileReference; lastKnownFileType = sourcecode.swift; path = MyProfile.swift; sourceTree = "<group>"; };
		BD1815FC26D40F6D00E8322B /* CircleImageView.swift */ = {isa = PBXFileReference; lastKnownFileType = sourcecode.swift; path = CircleImageView.swift; sourceTree = "<group>"; };
		BD1815FE26D40FEB00E8322B /* MyWebView.swift */ = {isa = PBXFileReference; lastKnownFileType = sourcecode.swift; path = MyWebView.swift; sourceTree = "<group>"; };
		BD3C9D8926B04021005BB6BF /* Stack_apply.app */ = {isa = PBXFileReference; explicitFileType = wrapper.application; includeInIndex = 0; path = Stack_apply.app; sourceTree = BUILT_PRODUCTS_DIR; };
		BD3C9D8C26B04021005BB6BF /* Stack_applyApp.swift */ = {isa = PBXFileReference; lastKnownFileType = sourcecode.swift; path = Stack_applyApp.swift; sourceTree = "<group>"; };
		BD3C9D8E26B04021005BB6BF /* ContentView.swift */ = {isa = PBXFileReference; lastKnownFileType = sourcecode.swift; path = ContentView.swift; sourceTree = "<group>"; };
		BD3C9D9026B04022005BB6BF /* Assets.xcassets */ = {isa = PBXFileReference; lastKnownFileType = folder.assetcatalog; path = Assets.xcassets; sourceTree = "<group>"; };
		BD3C9D9326B04022005BB6BF /* Preview Assets.xcassets */ = {isa = PBXFileReference; lastKnownFileType = folder.assetcatalog; path = "Preview Assets.xcassets"; sourceTree = "<group>"; };
		BD3C9D9526B04022005BB6BF /* Info.plist */ = {isa = PBXFileReference; lastKnownFileType = text.plist.xml; path = Info.plist; sourceTree = "<group>"; };
		BD3C9D9B26B0408D005BB6BF /* MyCard.swift */ = {isa = PBXFileReference; lastKnownFileType = sourcecode.swift; path = MyCard.swift; sourceTree = "<group>"; };
		BD4FCF0826D2DE47003B7493 /* MyList.swift */ = {isa = PBXFileReference; lastKnownFileType = sourcecode.swift; path = MyList.swift; sourceTree = "<group>"; };
		BD7BB95F26DE5A7600F68510 /* MyTabView.swift */ = {isa = PBXFileReference; lastKnownFileType = sourcecode.swift; path = MyTabView.swift; sourceTree = "<group>"; };
		BD7BB96126DE5E4100F68510 /* MyView.swift */ = {isa = PBXFileReference; lastKnownFileType = sourcecode.swift; path = MyView.swift; sourceTree = "<group>"; };
		BD8B88CB26DD2920004E0EA9 /* MyGeometryReaderStack.swift */ = {isa = PBXFileReference; lastKnownFileType = sourcecode.swift; path = MyGeometryReaderStack.swift; sourceTree = "<group>"; };
		BD940F7B26B254C6006175F7 /* MyBasic.swift */ = {isa = PBXFileReference; lastKnownFileType = sourcecode.swift; path = MyBasic.swift; sourceTree = "<group>"; };
		BD940F7D26B25D49006175F7 /* MyProject.swift */ = {isa = PBXFileReference; lastKnownFileType = sourcecode.swift; path = MyProject.swift; sourceTree = "<group>"; };
		BDA8D5F926D5894A007CE569 /* MyGeometryReader.swift */ = {isa = PBXFileReference; lastKnownFileType = sourcecode.swift; path = MyGeometryReader.swift; sourceTree = "<group>"; };
		BDD8DBDD26D4116800F9536D /* MySetting.swift */ = {isa = PBXFileReference; lastKnownFileType = sourcecode.swift; path = MySetting.swift; sourceTree = "<group>"; };
/* End PBXFileReference section */

/* Begin PBXFrameworksBuildPhase section */
		BD3C9D8626B04021005BB6BF /* Frameworks */ = {
			isa = PBXFrameworksBuildPhase;
			buildActionMask = 2147483647;
			files = (
			);
			runOnlyForDeploymentPostprocessing = 0;
		};
/* End PBXFrameworksBuildPhase section */

/* Begin PBXGroup section */
		BD3C9D8026B04021005BB6BF = {
			isa = PBXGroup;
			children = (
				BD3C9D8B26B04021005BB6BF /* Stack_apply */,
				BD3C9D8A26B04021005BB6BF /* Products */,
			);
			sourceTree = "<group>";
		};
		BD3C9D8A26B04021005BB6BF /* Products */ = {
			isa = PBXGroup;
			children = (
				BD3C9D8926B04021005BB6BF /* Stack_apply.app */,
			);
			name = Products;
			sourceTree = "<group>";
		};
		BD3C9D8B26B04021005BB6BF /* Stack_apply */ = {
			isa = PBXGroup;
			children = (
				BD3C9D8C26B04021005BB6BF /* Stack_applyApp.swift */,
				BD3C9D8E26B04021005BB6BF /* ContentView.swift */,
				BD1815F826D3BF1E00E8322B /* MyNavigationView.swift */,
				BDA8D5F926D5894A007CE569 /* MyGeometryReader.swift */,
				BD3C9D9026B04022005BB6BF /* Assets.xcassets */,
				BD3C9D9526B04022005BB6BF /* Info.plist */,
				BD3C9D9226B04022005BB6BF /* Preview Content */,
				BD3C9D9B26B0408D005BB6BF /* MyCard.swift */,
				BD940F7B26B254C6006175F7 /* MyBasic.swift */,
				BD940F7D26B25D49006175F7 /* MyProject.swift */,
				BD4FCF0826D2DE47003B7493 /* MyList.swift */,
				BD1815FA26D4091B00E8322B /* MyProfile.swift */,
				BD1815FC26D40F6D00E8322B /* CircleImageView.swift */,
				BD1815FE26D40FEB00E8322B /* MyWebView.swift */,
				BDD8DBDD26D4116800F9536D /* MySetting.swift */,
				BD8B88CB26DD2920004E0EA9 /* MyGeometryReaderStack.swift */,
				BD7BB95F26DE5A7600F68510 /* MyTabView.swift */,
				BD7BB96126DE5E4100F68510 /* MyView.swift */,
			);
			path = Stack_apply;
			sourceTree = "<group>";
		};
		BD3C9D9226B04022005BB6BF /* Preview Content */ = {
			isa = PBXGroup;
			children = (
				BD3C9D9326B04022005BB6BF /* Preview Assets.xcassets */,
			);
			path = "Preview Content";
			sourceTree = "<group>";
		};
/* End PBXGroup section */

/* Begin PBXNativeTarget section */
		BD3C9D8826B04021005BB6BF /* Stack_apply */ = {
			isa = PBXNativeTarget;
			buildConfigurationList = BD3C9D9826B04022005BB6BF /* Build configuration list for PBXNativeTarget "Stack_apply" */;
			buildPhases = (
				BD3C9D8526B04021005BB6BF /* Sources */,
				BD3C9D8626B04021005BB6BF /* Frameworks */,
				BD3C9D8726B04021005BB6BF /* Resources */,
			);
			buildRules = (
			);
			dependencies = (
			);
			name = Stack_apply;
			productName = Stack_apply;
			productReference = BD3C9D8926B04021005BB6BF /* Stack_apply.app */;
			productType = "com.apple.product-type.application";
		};
/* End PBXNativeTarget section */

/* Begin PBXProject section */
		BD3C9D8126B04021005BB6BF /* Project object */ = {
			isa = PBXProject;
			attributes = {
				LastSwiftUpdateCheck = 1250;
				LastUpgradeCheck = 1250;
				TargetAttributes = {
					BD3C9D8826B04021005BB6BF = {
						CreatedOnToolsVersion = 12.5.1;
					};
				};
			};
			buildConfigurationList = BD3C9D8426B04021005BB6BF /* Build configuration list for PBXProject "Stack_apply" */;
			compatibilityVersion = "Xcode 9.3";
			developmentRegion = en;
			hasScannedForEncodings = 0;
			knownRegions = (
				en,
				Base,
			);
			mainGroup = BD3C9D8026B04021005BB6BF;
			productRefGroup = BD3C9D8A26B04021005BB6BF /* Products */;
			projectDirPath = "";
			projectRoot = "";
			targets = (
				BD3C9D8826B04021005BB6BF /* Stack_apply */,
			);
		};
/* End PBXProject section */

/* Begin PBXResourcesBuildPhase section */
		BD3C9D8726B04021005BB6BF /* Resources */ = {
			isa = PBXResourcesBuildPhase;
			buildActionMask = 2147483647;
			files = (
				BD3C9D9426B04022005BB6BF /* Preview Assets.xcassets in Resources */,
				BD3C9D9126B04022005BB6BF /* Assets.xcassets in Resources */,
			);
			runOnlyForDeploymentPostprocessing = 0;
		};
/* End PBXResourcesBuildPhase section */

/* Begin PBXSourcesBuildPhase section */
		BD3C9D8526B04021005BB6BF /* Sources */ = {
			isa = PBXSourcesBuildPhase;
			buildActionMask = 2147483647;
			files = (
				BDD8DBDE26D4116800F9536D /* MySetting.swift in Sources */,
				BD940F7C26B254C6006175F7 /* MyBasic.swift in Sources */,
				BD1815FD26D40F6D00E8322B /* CircleImageView.swift in Sources */,
				BD1815FB26D4091B00E8322B /* MyProfile.swift in Sources */,
				BD3C9D8F26B04021005BB6BF /* ContentView.swift in Sources */,
				BD3C9D8D26B04021005BB6BF /* Stack_applyApp.swift in Sources */,
				BD7BB96026DE5A7600F68510 /* MyTabView.swift in Sources */,
				BDA8D5FA26D5894A007CE569 /* MyGeometryReader.swift in Sources */,
				BD3C9D9C26B0408D005BB6BF /* MyCard.swift in Sources */,
				BD8B88CC26DD2920004E0EA9 /* MyGeometryReaderStack.swift in Sources */,
				BD940F7E26B25D49006175F7 /* MyProject.swift in Sources */,
				BD1815FF26D40FEB00E8322B /* MyWebView.swift in Sources */,
				BD7BB96226DE5E4100F68510 /* MyView.swift in Sources */,
				BD4FCF0926D2DE47003B7493 /* MyList.swift in Sources */,
				BD1815F926D3BF1E00E8322B /* MyNavigationView.swift in Sources */,
			);
			runOnlyForDeploymentPostprocessing = 0;
		};
/* End PBXSourcesBuildPhase section */

/* Begin XCBuildConfiguration section */
		BD3C9D9626B04022005BB6BF /* Debug */ = {
			isa = XCBuildConfiguration;
			buildSettings = {
				ALWAYS_SEARCH_USER_PATHS = NO;
				CLANG_ANALYZER_NONNULL = YES;
				CLANG_ANALYZER_NUMBER_OBJECT_CONVERSION = YES_AGGRESSIVE;
				CLANG_CXX_LANGUAGE_STANDARD = "gnu++14";
				CLANG_CXX_LIBRARY = "libc++";
				CLANG_ENABLE_MODULES = YES;
				CLANG_ENABLE_OBJC_ARC = YES;
				CLANG_ENABLE_OBJC_WEAK = YES;
				CLANG_WARN_BLOCK_CAPTURE_AUTORELEASING = YES;
				CLANG_WARN_BOOL_CONVERSION = YES;
				CLANG_WARN_COMMA = YES;
				CLANG_WARN_CONSTANT_CONVERSION = YES;
				CLANG_WARN_DEPRECATED_OBJC_IMPLEMENTATIONS = YES;
				CLANG_WARN_DIRECT_OBJC_ISA_USAGE = YES_ERROR;
				CLANG_WARN_DOCUMENTATION_COMMENTS = YES;
				CLANG_WARN_EMPTY_BODY = YES;
				CLANG_WARN_ENUM_CONVERSION = YES;
				CLANG_WARN_INFINITE_RECURSION = YES;
				CLANG_WARN_INT_CONVERSION = YES;
				CLANG_WARN_NON_LITERAL_NULL_CONVERSION = YES;
				CLANG_WARN_OBJC_IMPLICIT_RETAIN_SELF = YES;
				CLANG_WARN_OBJC_LITERAL_CONVERSION = YES;
				CLANG_WARN_OBJC_ROOT_CLASS = YES_ERROR;
				CLANG_WARN_QUOTED_INCLUDE_IN_FRAMEWORK_HEADER = YES;
				CLANG_WARN_RANGE_LOOP_ANALYSIS = YES;
				CLANG_WARN_STRICT_PROTOTYPES = YES;
				CLANG_WARN_SUSPICIOUS_MOVE = YES;
				CLANG_WARN_UNGUARDED_AVAILABILITY = YES_AGGRESSIVE;
				CLANG_WARN_UNREACHABLE_CODE = YES;
				CLANG_WARN__DUPLICATE_METHOD_MATCH = YES;
				COPY_PHASE_STRIP = NO;
				DEBUG_INFORMATION_FORMAT = dwarf;
				ENABLE_STRICT_OBJC_MSGSEND = YES;
				ENABLE_TESTABILITY = YES;
				GCC_C_LANGUAGE_STANDARD = gnu11;
				GCC_DYNAMIC_NO_PIC = NO;
				GCC_NO_COMMON_BLOCKS = YES;
				GCC_OPTIMIZATION_LEVEL = 0;
				GCC_PREPROCESSOR_DEFINITIONS = (
					"DEBUG=1",
					"$(inherited)",
				);
				GCC_WARN_64_TO_32_BIT_CONVERSION = YES;
				GCC_WARN_ABOUT_RETURN_TYPE = YES_ERROR;
				GCC_WARN_UNDECLARED_SELECTOR = YES;
				GCC_WARN_UNINITIALIZED_AUTOS = YES_AGGRESSIVE;
				GCC_WARN_UNUSED_FUNCTION = YES;
				GCC_WARN_UNUSED_VARIABLE = YES;
				IPHONEOS_DEPLOYMENT_TARGET = 14.5;
				MTL_ENABLE_DEBUG_INFO = INCLUDE_SOURCE;
				MTL_FAST_MATH = YES;
				ONLY_ACTIVE_ARCH = YES;
				SDKROOT = iphoneos;
				SWIFT_ACTIVE_COMPILATION_CONDITIONS = DEBUG;
				SWIFT_OPTIMIZATION_LEVEL = "-Onone";
			};
			name = Debug;
		};
		BD3C9D9726B04022005BB6BF /* Release */ = {
			isa = XCBuildConfiguration;
			buildSettings = {
				ALWAYS_SEARCH_USER_PATHS = NO;
				CLANG_ANALYZER_NONNULL = YES;
				CLANG_ANALYZER_NUMBER_OBJECT_CONVERSION = YES_AGGRESSIVE;
				CLANG_CXX_LANGUAGE_STANDARD = "gnu++14";
				CLANG_CXX_LIBRARY = "libc++";
				CLANG_ENABLE_MODULES = YES;
				CLANG_ENABLE_OBJC_ARC = YES;
				CLANG_ENABLE_OBJC_WEAK = YES;
				CLANG_WARN_BLOCK_CAPTURE_AUTORELEASING = YES;
				CLANG_WARN_BOOL_CONVERSION = YES;
				CLANG_WARN_COMMA = YES;
				CLANG_WARN_CONSTANT_CONVERSION = YES;
				CLANG_WARN_DEPRECATED_OBJC_IMPLEMENTATIONS = YES;
				CLANG_WARN_DIRECT_OBJC_ISA_USAGE = YES_ERROR;
				CLANG_WARN_DOCUMENTATION_COMMENTS = YES;
				CLANG_WARN_EMPTY_BODY = YES;
				CLANG_WARN_ENUM_CONVERSION = YES;
				CLANG_WARN_INFINITE_RECURSION = YES;
				CLANG_WARN_INT_CONVERSION = YES;
				CLANG_WARN_NON_LITERAL_NULL_CONVERSION = YES;
				CLANG_WARN_OBJC_IMPLICIT_RETAIN_SELF = YES;
				CLANG_WARN_OBJC_LITERAL_CONVERSION = YES;
				CLANG_WARN_OBJC_ROOT_CLASS = YES_ERROR;
				CLANG_WARN_QUOTED_INCLUDE_IN_FRAMEWORK_HEADER = YES;
				CLANG_WARN_RANGE_LOOP_ANALYSIS = YES;
				CLANG_WARN_STRICT_PROTOTYPES = YES;
				CLANG_WARN_SUSPICIOUS_MOVE = YES;
				CLANG_WARN_UNGUARDED_AVAILABILITY = YES_AGGRESSIVE;
				CLANG_WARN_UNREACHABLE_CODE = YES;
				CLANG_WARN__DUPLICATE_METHOD_MATCH = YES;
				COPY_PHASE_STRIP = NO;
				DEBUG_INFORMATION_FORMAT = "dwarf-with-dsym";
				ENABLE_NS_ASSERTIONS = NO;
				ENABLE_STRICT_OBJC_MSGSEND = YES;
				GCC_C_LANGUAGE_STANDARD = gnu11;
				GCC_NO_COMMON_BLOCKS = YES;
				GCC_WARN_64_TO_32_BIT_CONVERSION = YES;
				GCC_WARN_ABOUT_RETURN_TYPE = YES_ERROR;
				GCC_WARN_UNDECLARED_SELECTOR = YES;
				GCC_WARN_UNINITIALIZED_AUTOS = YES_AGGRESSIVE;
				GCC_WARN_UNUSED_FUNCTION = YES;
				GCC_WARN_UNUSED_VARIABLE = YES;
				IPHONEOS_DEPLOYMENT_TARGET = 14.5;
				MTL_ENABLE_DEBUG_INFO = NO;
				MTL_FAST_MATH = YES;
				SDKROOT = iphoneos;
				SWIFT_COMPILATION_MODE = wholemodule;
				SWIFT_OPTIMIZATION_LEVEL = "-O";
				VALIDATE_PRODUCT = YES;
			};
			name = Release;
		};
		BD3C9D9926B04022005BB6BF /* Debug */ = {
			isa = XCBuildConfiguration;
			buildSettings = {
				ASSETCATALOG_COMPILER_APPICON_NAME = AppIcon;
				ASSETCATALOG_COMPILER_GLOBAL_ACCENT_COLOR_NAME = AccentColor;
				CODE_SIGN_STYLE = Automatic;
				DEVELOPMENT_ASSET_PATHS = "\"Stack_apply/Preview Content\"";
				ENABLE_PREVIEWS = YES;
				INFOPLIST_FILE = Stack_apply/Info.plist;
				IPHONEOS_DEPLOYMENT_TARGET = 14.0;
				LD_RUNPATH_SEARCH_PATHS = (
					"$(inherited)",
					"@executable_path/Frameworks",
				);
				PRODUCT_BUNDLE_IDENTIFIER = "Hyeonjeong-Ji.Stack-apply";
				PRODUCT_NAME = "$(TARGET_NAME)";
				SWIFT_VERSION = 5.0;
				TARGETED_DEVICE_FAMILY = "1,2";
			};
			name = Debug;
		};
		BD3C9D9A26B04022005BB6BF /* Release */ = {
			isa = XCBuildConfiguration;
			buildSettings = {
				ASSETCATALOG_COMPILER_APPICON_NAME = AppIcon;
				ASSETCATALOG_COMPILER_GLOBAL_ACCENT_COLOR_NAME = AccentColor;
				CODE_SIGN_STYLE = Automatic;
				DEVELOPMENT_ASSET_PATHS = "\"Stack_apply/Preview Content\"";
				ENABLE_PREVIEWS = YES;
				INFOPLIST_FILE = Stack_apply/Info.plist;
				IPHONEOS_DEPLOYMENT_TARGET = 14.0;
				LD_RUNPATH_SEARCH_PATHS = (
					"$(inherited)",
					"@executable_path/Frameworks",
				);
				PRODUCT_BUNDLE_IDENTIFIER = "Hyeonjeong-Ji.Stack-apply";
				PRODUCT_NAME = "$(TARGET_NAME)";
				SWIFT_VERSION = 5.0;
				TARGETED_DEVICE_FAMILY = "1,2";
			};
			name = Release;
		};
/* End XCBuildConfiguration section */

/* Begin XCConfigurationList section */
		BD3C9D8426B04021005BB6BF /* Build configuration list for PBXProject "Stack_apply" */ = {
			isa = XCConfigurationList;
			buildConfigurations = (
				BD3C9D9626B04022005BB6BF /* Debug */,
				BD3C9D9726B04022005BB6BF /* Release */,
			);
			defaultConfigurationIsVisible = 0;
			defaultConfigurationName = Release;
		};
		BD3C9D9826B04022005BB6BF /* Build configuration list for PBXNativeTarget "Stack_apply" */ = {
			isa = XCConfigurationList;
			buildConfigurations = (
				BD3C9D9926B04022005BB6BF /* Debug */,
				BD3C9D9A26B04022005BB6BF /* Release */,
			);
			defaultConfigurationIsVisible = 0;
			defaultConfigurationName = Release;
		};
/* End XCConfigurationList section */
	};
	rootObject = BD3C9D8126B04021005BB6BF /* Project object */;
}
